
Microsoft Visual Studio Solution File, Format Version 12.00
# Visual Studio 15
VisualStudioVersion = 15.0.26730.10
MinimumVisualStudioVersion = 10.0.40219.1
Project("{FAE04EC0-301F-11D3-BF4B-00C04F79EFBC}") = "c-project", "c-project\c-project.csproj", "{DE608A5A-45D9-4ABA-AD9D-009CCF722B4E}"
EndProject
Global
	GlobalSection(SolutionConfigurationPlatforms) = preSolution
		Debug|Any CPU = Debug|Any CPU
		Release|Any CPU = Release|Any CPU
	EndGlobalSection
	GlobalSection(ProjectConfigurationPlatforms) = postSolution
		{DE608A5A-45D9-4ABA-AD9D-009CCF722B4E}.Debug|Any CPU.ActiveCfg = Debug|Any CPU
		{DE608A5A-45D9-4ABA-AD9D-009CCF722B4E}.Debug|Any CPU.Build.0 = Debug|Any CPU
		{DE608A5A-45D9-4ABA-AD9D-009CCF722B4E}.Release|Any CPU.ActiveCfg = Release|Any CPU
		{DE608A5A-45D9-4ABA-AD9D-009CCF722B4E}.Release|Any CPU.Build.0 = Release|Any CPU
	EndGlobalSection
	GlobalSection(SolutionProperties) = preSolution
		HideSolutionNode = FALSE
	EndGlobalSection
	GlobalSection(ExtensibilityGlobals) = postSolution
		SolutionGuid = {87A9D8A6-7CB3-43F3-9B94-0A5C21DA8391}
	EndGlobalSection
EndGlobal
